
Microsoft Visual Studio Solution File, Format Version 12.00
# Visual Studio 15
VisualStudioVersion = 15.0.26730.0
MinimumVisualStudioVersion = 10.0.40219.1
Project("{9A19103F-16F7-4668-BE54-9A1E7A4F7556}") = "RukatukApi", "RukatukApi\RukatukApi.csproj", "{3873FB22-94D1-4BEA-BBF2-9725ECF1D135}"
EndProject
Project("{2150E333-8FDC-42A3-9474-1A3956D46DE8}") = "Solution Items", "Solution Items", "{E073927E-1EEA-4FB1-8764-E9404AEA1782}"
	ProjectSection(SolutionItems) = preProject
		.gitattributes = .gitattributes
		.gitignore = .gitignore
	EndProjectSection
EndProject
Global
	GlobalSection(SolutionConfigurationPlatforms) = preSolution
		Debug|Any CPU = Debug|Any CPU
		Release|Any CPU = Release|Any CPU
	EndGlobalSection
	GlobalSection(ProjectConfigurationPlatforms) = postSolution
		{3873FB22-94D1-4BEA-BBF2-9725ECF1D135}.Debug|Any CPU.ActiveCfg = Debug|Any CPU
		{3873FB22-94D1-4BEA-BBF2-9725ECF1D135}.Debug|Any CPU.Build.0 = Debug|Any CPU
		{3873FB22-94D1-4BEA-BBF2-9725ECF1D135}.Release|Any CPU.ActiveCfg = Release|Any CPU
		{3873FB22-94D1-4BEA-BBF2-9725ECF1D135}.Release|Any CPU.Build.0 = Release|Any CPU
	EndGlobalSection
	GlobalSection(SolutionProperties) = preSolution
		HideSolutionNode = FALSE
	EndGlobalSection
	GlobalSection(ExtensibilityGlobals) = postSolution
		SolutionGuid = {A5C40C42-371B-4DFF-91A7-C54E33DBDB75}
	EndGlobalSection
EndGlobal
